
Microsoft Visual Studio Solution File, Format Version 12.00
# Visual Studio Version 16
VisualStudioVersion = 16.0.30717.126
MinimumVisualStudioVersion = 10.0.40219.1
Project("{FAE04EC0-301F-11D3-BF4B-00C04F79EFBC}") = "SmartHome - Client", "SmartHome - Client\SmartHome - Client.csproj", "{39D80852-8AA7-44D5-A083-86B898BB06C9}"
EndProject
Global
	GlobalSection(SolutionConfigurationPlatforms) = preSolution
		Debug|Any CPU = Debug|Any CPU
		Release|Any CPU = Release|Any CPU
	EndGlobalSection
	GlobalSection(ProjectConfigurationPlatforms) = postSolution
		{39D80852-8AA7-44D5-A083-86B898BB06C9}.Debug|Any CPU.ActiveCfg = Debug|Any CPU
		{39D80852-8AA7-44D5-A083-86B898BB06C9}.Debug|Any CPU.Build.0 = Debug|Any CPU
		{39D80852-8AA7-44D5-A083-86B898BB06C9}.Release|Any CPU.ActiveCfg = Release|Any CPU
		{39D80852-8AA7-44D5-A083-86B898BB06C9}.Release|Any CPU.Build.0 = Release|Any CPU
	EndGlobalSection
	GlobalSection(SolutionProperties) = preSolution
		HideSolutionNode = FALSE
	EndGlobalSection
	GlobalSection(ExtensibilityGlobals) = postSolution
		SolutionGuid = {0CE059F8-F510-47D3-A8B0-9AD84AB1B6F8}
	EndGlobalSection
EndGlobal
